// !$*UTF8*$!
{
	archiveVersion = 1;
	classes = {
	};
	objectVersion = 56;
	objects = {

/* Begin PBXBuildFile section */
		21180BDC2C85E12E008C12F6 /* README.md in Resources */ = {isa = PBXBuildFile; fileRef = 21180BDB2C85E12E008C12F6 /* README.md */; };
		21255F112C5F569500349694 /* GlobalState.swift in Sources */ = {isa = PBXBuildFile; fileRef = 21255F102C5F569500349694 /* GlobalState.swift */; };
		214992AC2C55EC19004CAD3B /* Comic_TrackerApp.swift in Sources */ = {isa = PBXBuildFile; fileRef = 214992AB2C55EC19004CAD3B /* Comic_TrackerApp.swift */; };
		214992AE2C55EC19004CAD3B /* ContentView.swift in Sources */ = {isa = PBXBuildFile; fileRef = 214992AD2C55EC19004CAD3B /* ContentView.swift */; };
		214992B22C55EC1B004CAD3B /* Assets.xcassets in Resources */ = {isa = PBXBuildFile; fileRef = 214992B12C55EC1B004CAD3B /* Assets.xcassets */; };
		214992B52C55EC1B004CAD3B /* Preview Assets.xcassets in Resources */ = {isa = PBXBuildFile; fileRef = 214992B42C55EC1B004CAD3B /* Preview Assets.xcassets */; };
		214992BF2C55EC1B004CAD3B /* Comic_TrackerTests.swift in Sources */ = {isa = PBXBuildFile; fileRef = 214992BE2C55EC1B004CAD3B /* Comic_TrackerTests.swift */; };
		214992C92C55EC1B004CAD3B /* Comic_TrackerUITests.swift in Sources */ = {isa = PBXBuildFile; fileRef = 214992C82C55EC1B004CAD3B /* Comic_TrackerUITests.swift */; };
		214992CB2C55EC1B004CAD3B /* Comic_TrackerUITestsLaunchTests.swift in Sources */ = {isa = PBXBuildFile; fileRef = 214992CA2C55EC1B004CAD3B /* Comic_TrackerUITestsLaunchTests.swift */; };
		214992D82C560A11004CAD3B /* ComicData.swift in Sources */ = {isa = PBXBuildFile; fileRef = 214992D72C560A11004CAD3B /* ComicData.swift */; };
		214992DA2C561681004CAD3B /* ComicEvent.swift in Sources */ = {isa = PBXBuildFile; fileRef = 214992D92C561681004CAD3B /* ComicEvent.swift */; };
		214992DC2C561750004CAD3B /* ComicSeries.swift in Sources */ = {isa = PBXBuildFile; fileRef = 214992DB2C561750004CAD3B /* ComicSeries.swift */; };
		214992DE2C567415004CAD3B /* .gitignore in Resources */ = {isa = PBXBuildFile; fileRef = 214992DD2C567415004CAD3B /* .gitignore */; };
		215E5C102C661E4800D0818A /* SeriesStatsView.swift in Sources */ = {isa = PBXBuildFile; fileRef = 215E5C0F2C661E4800D0818A /* SeriesStatsView.swift */; };
		215E5C122C66285400D0818A /* CreateNewComics.swift in Sources */ = {isa = PBXBuildFile; fileRef = 215E5C112C66285400D0818A /* CreateNewComics.swift */; };
		216F87012C575E9A008DD50F /* AddNewComicView.swift in Sources */ = {isa = PBXBuildFile; fileRef = 216F87002C575E9A008DD50F /* AddNewComicView.swift */; };
		2174E3F62C670C6700E4372F /* EventsStatsView.swift in Sources */ = {isa = PBXBuildFile; fileRef = 2174E3F52C670C6700E4372F /* EventsStatsView.swift */; };
		2174E3F82C6792EE00E4372F /* HelperComicFunctions.swift in Sources */ = {isa = PBXBuildFile; fileRef = 2174E3F72C6792EE00E4372F /* HelperComicFunctions.swift */; };
		21A737C12C707A3400F1481D /* PreviewHelpers.swift in Sources */ = {isa = PBXBuildFile; fileRef = 21A737C02C707A3400F1481D /* PreviewHelpers.swift */; };
		21D1B3FA2C5EFDB4001FE360 /* PersistenceController.swift in Sources */ = {isa = PBXBuildFile; fileRef = 21D1B3F92C5EFDB4001FE360 /* PersistenceController.swift */; };
		21D79F552C8872990073CF68 /* ViewHelpers.swift in Sources */ = {isa = PBXBuildFile; fileRef = 21D79F542C8872990073CF68 /* ViewHelpers.swift */; };
		21DA792E2C74A7C400AA0251 /* ComicReadEnum.swift in Sources */ = {isa = PBXBuildFile; fileRef = 21DA792D2C74A7C400AA0251 /* ComicReadEnum.swift */; };
/* End PBXBuildFile section */

/* Begin PBXContainerItemProxy section */
		214992BB2C55EC1B004CAD3B /* PBXContainerItemProxy */ = {
			isa = PBXContainerItemProxy;
			containerPortal = 214992A02C55EC19004CAD3B /* Project object */;
			proxyType = 1;
			remoteGlobalIDString = 214992A72C55EC19004CAD3B;
			remoteInfo = "Comic Tracker";
		};
		214992C52C55EC1B004CAD3B /* PBXContainerItemProxy */ = {
			isa = PBXContainerItemProxy;
			containerPortal = 214992A02C55EC19004CAD3B /* Project object */;
			proxyType = 1;
			remoteGlobalIDString = 214992A72C55EC19004CAD3B;
			remoteInfo = "Comic Tracker";
		};
/* End PBXContainerItemProxy section */

/* Begin PBXFileReference section */
		21180BDB2C85E12E008C12F6 /* README.md */ = {isa = PBXFileReference; fileEncoding = 4; lastKnownFileType = net.daringfireball.markdown; path = README.md; sourceTree = "<group>"; };
		21255F102C5F569500349694 /* GlobalState.swift */ = {isa = PBXFileReference; lastKnownFileType = sourcecode.swift; path = GlobalState.swift; sourceTree = "<group>"; };
		214992A82C55EC19004CAD3B /* Comic Tracker.app */ = {isa = PBXFileReference; explicitFileType = wrapper.application; includeInIndex = 0; path = "Comic Tracker.app"; sourceTree = BUILT_PRODUCTS_DIR; };
		214992AB2C55EC19004CAD3B /* Comic_TrackerApp.swift */ = {isa = PBXFileReference; lastKnownFileType = sourcecode.swift; path = Comic_TrackerApp.swift; sourceTree = "<group>"; };
		214992AD2C55EC19004CAD3B /* ContentView.swift */ = {isa = PBXFileReference; lastKnownFileType = sourcecode.swift; path = ContentView.swift; sourceTree = "<group>"; };
		214992B12C55EC1B004CAD3B /* Assets.xcassets */ = {isa = PBXFileReference; lastKnownFileType = folder.assetcatalog; path = Assets.xcassets; sourceTree = "<group>"; };
		214992B42C55EC1B004CAD3B /* Preview Assets.xcassets */ = {isa = PBXFileReference; lastKnownFileType = folder.assetcatalog; path = "Preview Assets.xcassets"; sourceTree = "<group>"; };
		214992BA2C55EC1B004CAD3B /* Comic TrackerTests.xctest */ = {isa = PBXFileReference; explicitFileType = wrapper.cfbundle; includeInIndex = 0; path = "Comic TrackerTests.xctest"; sourceTree = BUILT_PRODUCTS_DIR; };
		214992BE2C55EC1B004CAD3B /* Comic_TrackerTests.swift */ = {isa = PBXFileReference; lastKnownFileType = sourcecode.swift; path = Comic_TrackerTests.swift; sourceTree = "<group>"; };
		214992C42C55EC1B004CAD3B /* Comic TrackerUITests.xctest */ = {isa = PBXFileReference; explicitFileType = wrapper.cfbundle; includeInIndex = 0; path = "Comic TrackerUITests.xctest"; sourceTree = BUILT_PRODUCTS_DIR; };
		214992C82C55EC1B004CAD3B /* Comic_TrackerUITests.swift */ = {isa = PBXFileReference; lastKnownFileType = sourcecode.swift; path = Comic_TrackerUITests.swift; sourceTree = "<group>"; };
		214992CA2C55EC1B004CAD3B /* Comic_TrackerUITestsLaunchTests.swift */ = {isa = PBXFileReference; lastKnownFileType = sourcecode.swift; path = Comic_TrackerUITestsLaunchTests.swift; sourceTree = "<group>"; };
		214992D72C560A11004CAD3B /* ComicData.swift */ = {isa = PBXFileReference; lastKnownFileType = sourcecode.swift; path = ComicData.swift; sourceTree = "<group>"; };
		214992D92C561681004CAD3B /* ComicEvent.swift */ = {isa = PBXFileReference; lastKnownFileType = sourcecode.swift; path = ComicEvent.swift; sourceTree = "<group>"; };
		214992DB2C561750004CAD3B /* ComicSeries.swift */ = {isa = PBXFileReference; lastKnownFileType = sourcecode.swift; path = ComicSeries.swift; sourceTree = "<group>"; };
		214992DD2C567415004CAD3B /* .gitignore */ = {isa = PBXFileReference; lastKnownFileType = text; path = .gitignore; sourceTree = "<group>"; };
		215E5C0F2C661E4800D0818A /* SeriesStatsView.swift */ = {isa = PBXFileReference; lastKnownFileType = sourcecode.swift; path = SeriesStatsView.swift; sourceTree = "<group>"; };
		215E5C112C66285400D0818A /* CreateNewComics.swift */ = {isa = PBXFileReference; lastKnownFileType = sourcecode.swift; path = CreateNewComics.swift; sourceTree = "<group>"; };
		216F87002C575E9A008DD50F /* AddNewComicView.swift */ = {isa = PBXFileReference; lastKnownFileType = sourcecode.swift; path = AddNewComicView.swift; sourceTree = "<group>"; };
		2174E3F52C670C6700E4372F /* EventsStatsView.swift */ = {isa = PBXFileReference; lastKnownFileType = sourcecode.swift; path = EventsStatsView.swift; sourceTree = "<group>"; };
		2174E3F72C6792EE00E4372F /* HelperComicFunctions.swift */ = {isa = PBXFileReference; lastKnownFileType = sourcecode.swift; path = HelperComicFunctions.swift; sourceTree = "<group>"; };
		21A737C02C707A3400F1481D /* PreviewHelpers.swift */ = {isa = PBXFileReference; lastKnownFileType = sourcecode.swift; path = PreviewHelpers.swift; sourceTree = "<group>"; };
		21D1B3F92C5EFDB4001FE360 /* PersistenceController.swift */ = {isa = PBXFileReference; lastKnownFileType = sourcecode.swift; path = PersistenceController.swift; sourceTree = "<group>"; };
		21D1B3FB2C5F0677001FE360 /* Comic-Tracker-Info.plist */ = {isa = PBXFileReference; lastKnownFileType = text.plist; path = "Comic-Tracker-Info.plist"; sourceTree = SOURCE_ROOT; };
		21D79F542C8872990073CF68 /* ViewHelpers.swift */ = {isa = PBXFileReference; lastKnownFileType = sourcecode.swift; path = ViewHelpers.swift; sourceTree = "<group>"; };
		21DA792D2C74A7C400AA0251 /* ComicReadEnum.swift */ = {isa = PBXFileReference; lastKnownFileType = sourcecode.swift; path = ComicReadEnum.swift; sourceTree = "<group>"; };
/* End PBXFileReference section */

/* Begin PBXFrameworksBuildPhase section */
		214992A52C55EC19004CAD3B /* Frameworks */ = {
			isa = PBXFrameworksBuildPhase;
			buildActionMask = 2147483647;
			files = (
			);
			runOnlyForDeploymentPostprocessing = 0;
		};
		214992B72C55EC1B004CAD3B /* Frameworks */ = {
			isa = PBXFrameworksBuildPhase;
			buildActionMask = 2147483647;
			files = (
			);
			runOnlyForDeploymentPostprocessing = 0;
		};
		214992C12C55EC1B004CAD3B /* Frameworks */ = {
			isa = PBXFrameworksBuildPhase;
			buildActionMask = 2147483647;
			files = (
			);
			runOnlyForDeploymentPostprocessing = 0;
		};
/* End PBXFrameworksBuildPhase section */

/* Begin PBXGroup section */
		2149929F2C55EC19004CAD3B = {
			isa = PBXGroup;
			children = (
				21180BDB2C85E12E008C12F6 /* README.md */,
				214992DD2C567415004CAD3B /* .gitignore */,
				214992AA2C55EC19004CAD3B /* Comic Tracker */,
				214992BD2C55EC1B004CAD3B /* Comic TrackerTests */,
				214992C72C55EC1B004CAD3B /* Comic TrackerUITests */,
				214992A92C55EC19004CAD3B /* Products */,
			);
			sourceTree = "<group>";
		};
		214992A92C55EC19004CAD3B /* Products */ = {
			isa = PBXGroup;
			children = (
				214992A82C55EC19004CAD3B /* Comic Tracker.app */,
				214992BA2C55EC1B004CAD3B /* Comic TrackerTests.xctest */,
				214992C42C55EC1B004CAD3B /* Comic TrackerUITests.xctest */,
			);
			name = Products;
			sourceTree = "<group>";
		};
		214992AA2C55EC19004CAD3B /* Comic Tracker */ = {
			isa = PBXGroup;
			children = (
				21D79F592C8877A70073CF68 /* HelperFunctions */,
				21D79F572C88775C0073CF68 /* DataStructures */,
				21D79F562C8877460073CF68 /* Views */,
				21D1B3FB2C5F0677001FE360 /* Comic-Tracker-Info.plist */,
				214992AB2C55EC19004CAD3B /* Comic_TrackerApp.swift */,
				214992B12C55EC1B004CAD3B /* Assets.xcassets */,
				214992B32C55EC1B004CAD3B /* Preview Content */,
			);
			path = "Comic Tracker";
			sourceTree = "<group>";
		};
		214992B32C55EC1B004CAD3B /* Preview Content */ = {
			isa = PBXGroup;
			children = (
				214992B42C55EC1B004CAD3B /* Preview Assets.xcassets */,
			);
			path = "Preview Content";
			sourceTree = "<group>";
		};
		214992BD2C55EC1B004CAD3B /* Comic TrackerTests */ = {
			isa = PBXGroup;
			children = (
				214992BE2C55EC1B004CAD3B /* Comic_TrackerTests.swift */,
			);
			path = "Comic TrackerTests";
			sourceTree = "<group>";
		};
		214992C72C55EC1B004CAD3B /* Comic TrackerUITests */ = {
			isa = PBXGroup;
			children = (
				214992C82C55EC1B004CAD3B /* Comic_TrackerUITests.swift */,
				214992CA2C55EC1B004CAD3B /* Comic_TrackerUITestsLaunchTests.swift */,
			);
			path = "Comic TrackerUITests";
			sourceTree = "<group>";
		};
		21D79F562C8877460073CF68 /* Views */ = {
			isa = PBXGroup;
			children = (
				214992AD2C55EC19004CAD3B /* ContentView.swift */,
				216F87002C575E9A008DD50F /* AddNewComicView.swift */,
				215E5C0F2C661E4800D0818A /* SeriesStatsView.swift */,
				2174E3F52C670C6700E4372F /* EventsStatsView.swift */,
				21D79F542C8872990073CF68 /* ViewHelpers.swift */,
			);
			path = Views;
			sourceTree = "<group>";
		};
		21D79F572C88775C0073CF68 /* DataStructures */ = {
			isa = PBXGroup;
			children = (
				214992D72C560A11004CAD3B /* ComicData.swift */,
				214992DB2C561750004CAD3B /* ComicSeries.swift */,
				214992D92C561681004CAD3B /* ComicEvent.swift */,
				21DA792D2C74A7C400AA0251 /* ComicReadEnum.swift */,
				21255F102C5F569500349694 /* GlobalState.swift */,
				21D1B3F92C5EFDB4001FE360 /* PersistenceController.swift */,
			);
			path = DataStructures;
			sourceTree = "<group>";
		};
		21D79F592C8877A70073CF68 /* HelperFunctions */ = {
			isa = PBXGroup;
			children = (
				2174E3F72C6792EE00E4372F /* HelperComicFunctions.swift */,
				215E5C112C66285400D0818A /* CreateNewComics.swift */,
				21A737C02C707A3400F1481D /* PreviewHelpers.swift */,
			);
			path = HelperFunctions;
			sourceTree = "<group>";
		};
/* End PBXGroup section */

/* Begin PBXNativeTarget section */
		214992A72C55EC19004CAD3B /* Comic Tracker */ = {
			isa = PBXNativeTarget;
			buildConfigurationList = 214992CE2C55EC1B004CAD3B /* Build configuration list for PBXNativeTarget "Comic Tracker" */;
			buildPhases = (
				214992A42C55EC19004CAD3B /* Sources */,
				214992A52C55EC19004CAD3B /* Frameworks */,
				214992A62C55EC19004CAD3B /* Resources */,
			);
			buildRules = (
			);
			dependencies = (
			);
			name = "Comic Tracker";
			productName = "Comic Tracker";
			productReference = 214992A82C55EC19004CAD3B /* Comic Tracker.app */;
			productType = "com.apple.product-type.application";
		};
		214992B92C55EC1B004CAD3B /* Comic TrackerTests */ = {
			isa = PBXNativeTarget;
			buildConfigurationList = 214992D12C55EC1B004CAD3B /* Build configuration list for PBXNativeTarget "Comic TrackerTests" */;
			buildPhases = (
				214992B62C55EC1B004CAD3B /* Sources */,
				214992B72C55EC1B004CAD3B /* Frameworks */,
				214992B82C55EC1B004CAD3B /* Resources */,
			);
			buildRules = (
			);
			dependencies = (
				214992BC2C55EC1B004CAD3B /* PBXTargetDependency */,
			);
			name = "Comic TrackerTests";
			productName = "Comic TrackerTests";
			productReference = 214992BA2C55EC1B004CAD3B /* Comic TrackerTests.xctest */;
			productType = "com.apple.product-type.bundle.unit-test";
		};
		214992C32C55EC1B004CAD3B /* Comic TrackerUITests */ = {
			isa = PBXNativeTarget;
			buildConfigurationList = 214992D42C55EC1B004CAD3B /* Build configuration list for PBXNativeTarget "Comic TrackerUITests" */;
			buildPhases = (
				214992C02C55EC1B004CAD3B /* Sources */,
				214992C12C55EC1B004CAD3B /* Frameworks */,
				214992C22C55EC1B004CAD3B /* Resources */,
			);
			buildRules = (
			);
			dependencies = (
				214992C62C55EC1B004CAD3B /* PBXTargetDependency */,
			);
			name = "Comic TrackerUITests";
			productName = "Comic TrackerUITests";
			productReference = 214992C42C55EC1B004CAD3B /* Comic TrackerUITests.xctest */;
			productType = "com.apple.product-type.bundle.ui-testing";
		};
/* End PBXNativeTarget section */

/* Begin PBXProject section */
		214992A02C55EC19004CAD3B /* Project object */ = {
			isa = PBXProject;
			attributes = {
				BuildIndependentTargetsInParallel = 1;
				LastSwiftUpdateCheck = 1540;
				LastUpgradeCheck = 1540;
				TargetAttributes = {
					214992A72C55EC19004CAD3B = {
						CreatedOnToolsVersion = 15.4;
					};
					214992B92C55EC1B004CAD3B = {
						CreatedOnToolsVersion = 15.4;
						TestTargetID = 214992A72C55EC19004CAD3B;
					};
					214992C32C55EC1B004CAD3B = {
						CreatedOnToolsVersion = 15.4;
						TestTargetID = 214992A72C55EC19004CAD3B;
					};
				};
			};
			buildConfigurationList = 214992A32C55EC19004CAD3B /* Build configuration list for PBXProject "Comic Tracker" */;
			compatibilityVersion = "Xcode 14.0";
			developmentRegion = en;
			hasScannedForEncodings = 0;
			knownRegions = (
				en,
				Base,
			);
			mainGroup = 2149929F2C55EC19004CAD3B;
			productRefGroup = 214992A92C55EC19004CAD3B /* Products */;
			projectDirPath = "";
			projectRoot = "";
			targets = (
				214992A72C55EC19004CAD3B /* Comic Tracker */,
				214992B92C55EC1B004CAD3B /* Comic TrackerTests */,
				214992C32C55EC1B004CAD3B /* Comic TrackerUITests */,
			);
		};
/* End PBXProject section */

/* Begin PBXResourcesBuildPhase section */
		214992A62C55EC19004CAD3B /* Resources */ = {
			isa = PBXResourcesBuildPhase;
			buildActionMask = 2147483647;
			files = (
				214992B52C55EC1B004CAD3B /* Preview Assets.xcassets in Resources */,
				214992DE2C567415004CAD3B /* .gitignore in Resources */,
				21180BDC2C85E12E008C12F6 /* README.md in Resources */,
				214992B22C55EC1B004CAD3B /* Assets.xcassets in Resources */,
			);
			runOnlyForDeploymentPostprocessing = 0;
		};
		214992B82C55EC1B004CAD3B /* Resources */ = {
			isa = PBXResourcesBuildPhase;
			buildActionMask = 2147483647;
			files = (
			);
			runOnlyForDeploymentPostprocessing = 0;
		};
		214992C22C55EC1B004CAD3B /* Resources */ = {
			isa = PBXResourcesBuildPhase;
			buildActionMask = 2147483647;
			files = (
			);
			runOnlyForDeploymentPostprocessing = 0;
		};
/* End PBXResourcesBuildPhase section */

/* Begin PBXSourcesBuildPhase section */
		214992A42C55EC19004CAD3B /* Sources */ = {
			isa = PBXSourcesBuildPhase;
			buildActionMask = 2147483647;
			files = (
				21DA792E2C74A7C400AA0251 /* ComicReadEnum.swift in Sources */,
				215E5C122C66285400D0818A /* CreateNewComics.swift in Sources */,
				214992DC2C561750004CAD3B /* ComicSeries.swift in Sources */,
				21D79F552C8872990073CF68 /* ViewHelpers.swift in Sources */,
				21255F112C5F569500349694 /* GlobalState.swift in Sources */,
				2174E3F62C670C6700E4372F /* EventsStatsView.swift in Sources */,
				214992AE2C55EC19004CAD3B /* ContentView.swift in Sources */,
				21A737C12C707A3400F1481D /* PreviewHelpers.swift in Sources */,
				214992DA2C561681004CAD3B /* ComicEvent.swift in Sources */,
				216F87012C575E9A008DD50F /* AddNewComicView.swift in Sources */,
				214992AC2C55EC19004CAD3B /* Comic_TrackerApp.swift in Sources */,
				214992D82C560A11004CAD3B /* ComicData.swift in Sources */,
				2174E3F82C6792EE00E4372F /* HelperComicFunctions.swift in Sources */,
				215E5C102C661E4800D0818A /* SeriesStatsView.swift in Sources */,
				21D1B3FA2C5EFDB4001FE360 /* PersistenceController.swift in Sources */,
			);
			runOnlyForDeploymentPostprocessing = 0;
		};
		214992B62C55EC1B004CAD3B /* Sources */ = {
			isa = PBXSourcesBuildPhase;
			buildActionMask = 2147483647;
			files = (
				214992BF2C55EC1B004CAD3B /* Comic_TrackerTests.swift in Sources */,
			);
			runOnlyForDeploymentPostprocessing = 0;
		};
		214992C02C55EC1B004CAD3B /* Sources */ = {
			isa = PBXSourcesBuildPhase;
			buildActionMask = 2147483647;
			files = (
				214992C92C55EC1B004CAD3B /* Comic_TrackerUITests.swift in Sources */,
				214992CB2C55EC1B004CAD3B /* Comic_TrackerUITestsLaunchTests.swift in Sources */,
			);
			runOnlyForDeploymentPostprocessing = 0;
		};
/* End PBXSourcesBuildPhase section */

/* Begin PBXTargetDependency section */
		214992BC2C55EC1B004CAD3B /* PBXTargetDependency */ = {
			isa = PBXTargetDependency;
			target = 214992A72C55EC19004CAD3B /* Comic Tracker */;
			targetProxy = 214992BB2C55EC1B004CAD3B /* PBXContainerItemProxy */;
		};
		214992C62C55EC1B004CAD3B /* PBXTargetDependency */ = {
			isa = PBXTargetDependency;
			target = 214992A72C55EC19004CAD3B /* Comic Tracker */;
			targetProxy = 214992C52C55EC1B004CAD3B /* PBXContainerItemProxy */;
		};
/* End PBXTargetDependency section */

/* Begin XCBuildConfiguration section */
		214992CC2C55EC1B004CAD3B /* Debug */ = {
			isa = XCBuildConfiguration;
			buildSettings = {
				ALWAYS_SEARCH_USER_PATHS = NO;
				ASSETCATALOG_COMPILER_GENERATE_SWIFT_ASSET_SYMBOL_EXTENSIONS = YES;
				CLANG_ANALYZER_NONNULL = YES;
				CLANG_ANALYZER_NUMBER_OBJECT_CONVERSION = YES_AGGRESSIVE;
				CLANG_CXX_LANGUAGE_STANDARD = "gnu++20";
				CLANG_ENABLE_MODULES = YES;
				CLANG_ENABLE_OBJC_ARC = YES;
				CLANG_ENABLE_OBJC_WEAK = YES;
				CLANG_WARN_BLOCK_CAPTURE_AUTORELEASING = YES;
				CLANG_WARN_BOOL_CONVERSION = YES;
				CLANG_WARN_COMMA = YES;
				CLANG_WARN_CONSTANT_CONVERSION = YES;
				CLANG_WARN_DEPRECATED_OBJC_IMPLEMENTATIONS = YES;
				CLANG_WARN_DIRECT_OBJC_ISA_USAGE = YES_ERROR;
				CLANG_WARN_DOCUMENTATION_COMMENTS = YES;
				CLANG_WARN_EMPTY_BODY = YES;
				CLANG_WARN_ENUM_CONVERSION = YES;
				CLANG_WARN_INFINITE_RECURSION = YES;
				CLANG_WARN_INT_CONVERSION = YES;
				CLANG_WARN_NON_LITERAL_NULL_CONVERSION = YES;
				CLANG_WARN_OBJC_IMPLICIT_RETAIN_SELF = YES;
				CLANG_WARN_OBJC_LITERAL_CONVERSION = YES;
				CLANG_WARN_OBJC_ROOT_CLASS = YES_ERROR;
				CLANG_WARN_QUOTED_INCLUDE_IN_FRAMEWORK_HEADER = YES;
				CLANG_WARN_RANGE_LOOP_ANALYSIS = YES;
				CLANG_WARN_STRICT_PROTOTYPES = YES;
				CLANG_WARN_SUSPICIOUS_MOVE = YES;
				CLANG_WARN_UNGUARDED_AVAILABILITY = YES_AGGRESSIVE;
				CLANG_WARN_UNREACHABLE_CODE = YES;
				CLANG_WARN__DUPLICATE_METHOD_MATCH = YES;
				COPY_PHASE_STRIP = NO;
				DEBUG_INFORMATION_FORMAT = dwarf;
				ENABLE_STRICT_OBJC_MSGSEND = YES;
				ENABLE_TESTABILITY = YES;
				ENABLE_USER_SCRIPT_SANDBOXING = YES;
				GCC_C_LANGUAGE_STANDARD = gnu17;
				GCC_DYNAMIC_NO_PIC = NO;
				GCC_NO_COMMON_BLOCKS = YES;
				GCC_OPTIMIZATION_LEVEL = 0;
				GCC_PREPROCESSOR_DEFINITIONS = (
					"DEBUG=1",
					"$(inherited)",
				);
				GCC_WARN_64_TO_32_BIT_CONVERSION = YES;
				GCC_WARN_ABOUT_RETURN_TYPE = YES_ERROR;
				GCC_WARN_UNDECLARED_SELECTOR = YES;
				GCC_WARN_UNINITIALIZED_AUTOS = YES_AGGRESSIVE;
				GCC_WARN_UNUSED_FUNCTION = YES;
				GCC_WARN_UNUSED_VARIABLE = YES;
				IPHONEOS_DEPLOYMENT_TARGET = 17.5;
				LOCALIZATION_PREFERS_STRING_CATALOGS = YES;
				MTL_ENABLE_DEBUG_INFO = INCLUDE_SOURCE;
				MTL_FAST_MATH = YES;
				ONLY_ACTIVE_ARCH = YES;
				SDKROOT = iphoneos;
				SWIFT_ACTIVE_COMPILATION_CONDITIONS = "DEBUG $(inherited)";
				SWIFT_OPTIMIZATION_LEVEL = "-Onone";
			};
			name = Debug;
		};
		214992CD2C55EC1B004CAD3B /* Release */ = {
			isa = XCBuildConfiguration;
			buildSettings = {
				ALWAYS_SEARCH_USER_PATHS = NO;
				ASSETCATALOG_COMPILER_GENERATE_SWIFT_ASSET_SYMBOL_EXTENSIONS = YES;
				CLANG_ANALYZER_NONNULL = YES;
				CLANG_ANALYZER_NUMBER_OBJECT_CONVERSION = YES_AGGRESSIVE;
				CLANG_CXX_LANGUAGE_STANDARD = "gnu++20";
				CLANG_ENABLE_MODULES = YES;
				CLANG_ENABLE_OBJC_ARC = YES;
				CLANG_ENABLE_OBJC_WEAK = YES;
				CLANG_WARN_BLOCK_CAPTURE_AUTORELEASING = YES;
				CLANG_WARN_BOOL_CONVERSION = YES;
				CLANG_WARN_COMMA = YES;
				CLANG_WARN_CONSTANT_CONVERSION = YES;
				CLANG_WARN_DEPRECATED_OBJC_IMPLEMENTATIONS = YES;
				CLANG_WARN_DIRECT_OBJC_ISA_USAGE = YES_ERROR;
				CLANG_WARN_DOCUMENTATION_COMMENTS = YES;
				CLANG_WARN_EMPTY_BODY = YES;
				CLANG_WARN_ENUM_CONVERSION = YES;
				CLANG_WARN_INFINITE_RECURSION = YES;
				CLANG_WARN_INT_CONVERSION = YES;
				CLANG_WARN_NON_LITERAL_NULL_CONVERSION = YES;
				CLANG_WARN_OBJC_IMPLICIT_RETAIN_SELF = YES;
				CLANG_WARN_OBJC_LITERAL_CONVERSION = YES;
				CLANG_WARN_OBJC_ROOT_CLASS = YES_ERROR;
				CLANG_WARN_QUOTED_INCLUDE_IN_FRAMEWORK_HEADER = YES;
				CLANG_WARN_RANGE_LOOP_ANALYSIS = YES;
				CLANG_WARN_STRICT_PROTOTYPES = YES;
				CLANG_WARN_SUSPICIOUS_MOVE = YES;
				CLANG_WARN_UNGUARDED_AVAILABILITY = YES_AGGRESSIVE;
				CLANG_WARN_UNREACHABLE_CODE = YES;
				CLANG_WARN__DUPLICATE_METHOD_MATCH = YES;
				COPY_PHASE_STRIP = NO;
				DEBUG_INFORMATION_FORMAT = "dwarf-with-dsym";
				ENABLE_NS_ASSERTIONS = NO;
				ENABLE_STRICT_OBJC_MSGSEND = YES;
				ENABLE_USER_SCRIPT_SANDBOXING = YES;
				GCC_C_LANGUAGE_STANDARD = gnu17;
				GCC_NO_COMMON_BLOCKS = YES;
				GCC_OPTIMIZATION_LEVEL = 3;
				GCC_WARN_64_TO_32_BIT_CONVERSION = YES;
				GCC_WARN_ABOUT_RETURN_TYPE = YES_ERROR;
				GCC_WARN_UNDECLARED_SELECTOR = YES;
				GCC_WARN_UNINITIALIZED_AUTOS = YES_AGGRESSIVE;
				GCC_WARN_UNUSED_FUNCTION = YES;
				GCC_WARN_UNUSED_VARIABLE = YES;
				IPHONEOS_DEPLOYMENT_TARGET = 17.5;
				LOCALIZATION_PREFERS_STRING_CATALOGS = YES;
				MTL_ENABLE_DEBUG_INFO = NO;
				MTL_FAST_MATH = YES;
				SDKROOT = iphoneos;
				SWIFT_COMPILATION_MODE = wholemodule;
				VALIDATE_PRODUCT = YES;
			};
			name = Release;
		};
		214992CF2C55EC1B004CAD3B /* Debug */ = {
			isa = XCBuildConfiguration;
			buildSettings = {
				ASSETCATALOG_COMPILER_APPICON_NAME = AppIcon;
				ASSETCATALOG_COMPILER_GLOBAL_ACCENT_COLOR_NAME = AccentColor;
				CODE_SIGN_IDENTITY = "Apple Development";
				CODE_SIGN_STYLE = Automatic;
				CURRENT_PROJECT_VERSION = 3;
				DEVELOPMENT_ASSET_PATHS = "\"Comic Tracker/Preview Content\"";
				DEVELOPMENT_TEAM = 8WZVS92DKJ;
				ENABLE_PREVIEWS = YES;
				GENERATE_INFOPLIST_FILE = YES;
				INFOPLIST_FILE = "Comic-Tracker-Info.plist";
				INFOPLIST_KEY_LSApplicationCategoryType = "public.app-category.productivity";
				INFOPLIST_KEY_LSSupportsOpeningDocumentsInPlace = YES;
				INFOPLIST_KEY_UIApplicationSceneManifest_Generation = YES;
				INFOPLIST_KEY_UIApplicationSupportsIndirectInputEvents = YES;
				INFOPLIST_KEY_UILaunchScreen_Generation = YES;
				INFOPLIST_KEY_UIRequiresFullScreen = NO;
				INFOPLIST_KEY_UIStatusBarHidden = YES;
				INFOPLIST_KEY_UISupportedInterfaceOrientations_iPad = "UIInterfaceOrientationPortrait UIInterfaceOrientationPortraitUpsideDown UIInterfaceOrientationLandscapeLeft UIInterfaceOrientationLandscapeRight";
				INFOPLIST_KEY_UISupportedInterfaceOrientations_iPhone = "UIInterfaceOrientationPortrait UIInterfaceOrientationLandscapeLeft UIInterfaceOrientationLandscapeRight";
				LD_RUNPATH_SEARCH_PATHS = (
					"$(inherited)",
					"@executable_path/Frameworks",
				);
				MARKETING_VERSION = 1.0;
				PRODUCT_BUNDLE_IDENTIFIER = com.Personal.James.ComicTracker;
				PRODUCT_NAME = "$(TARGET_NAME)";
				PROVISIONING_PROFILE_SPECIFIER = "";
				SUPPORTED_PLATFORMS = "iphoneos iphonesimulator";
				SUPPORTS_MACCATALYST = NO;
				SUPPORTS_XR_DESIGNED_FOR_IPHONE_IPAD = NO;
				SWIFT_EMIT_LOC_STRINGS = YES;
				SWIFT_VERSION = 5.0;
				TARGETED_DEVICE_FAMILY = "1,2";
			};
			name = Debug;
		};
		214992D02C55EC1B004CAD3B /* Release */ = {
			isa = XCBuildConfiguration;
			buildSettings = {
				ASSETCATALOG_COMPILER_APPICON_NAME = AppIcon;
				ASSETCATALOG_COMPILER_GLOBAL_ACCENT_COLOR_NAME = AccentColor;
				CODE_SIGN_IDENTITY = "Apple Development";
				CODE_SIGN_STYLE = Automatic;
				CURRENT_PROJECT_VERSION = 3;
				DEVELOPMENT_ASSET_PATHS = "\"Comic Tracker/Preview Content\"";
				DEVELOPMENT_TEAM = 8WZVS92DKJ;
				ENABLE_PREVIEWS = YES;
				GENERATE_INFOPLIST_FILE = YES;
				INFOPLIST_FILE = "Comic-Tracker-Info.plist";
				INFOPLIST_KEY_LSApplicationCategoryType = "public.app-category.productivity";
				INFOPLIST_KEY_LSSupportsOpeningDocumentsInPlace = YES;
				INFOPLIST_KEY_UIApplicationSceneManifest_Generation = YES;
				INFOPLIST_KEY_UIApplicationSupportsIndirectInputEvents = YES;
				INFOPLIST_KEY_UILaunchScreen_Generation = YES;
				INFOPLIST_KEY_UIRequiresFullScreen = NO;
				INFOPLIST_KEY_UIStatusBarHidden = YES;
				INFOPLIST_KEY_UISupportedInterfaceOrientations_iPad = "UIInterfaceOrientationPortrait UIInterfaceOrientationPortraitUpsideDown UIInterfaceOrientationLandscapeLeft UIInterfaceOrientationLandscapeRight";
				INFOPLIST_KEY_UISupportedInterfaceOrientations_iPhone = "UIInterfaceOrientationPortrait UIInterfaceOrientationLandscapeLeft UIInterfaceOrientationLandscapeRight";
				LD_RUNPATH_SEARCH_PATHS = (
					"$(inherited)",
					"@executable_path/Frameworks",
				);
				MARKETING_VERSION = 1.0;
				PRODUCT_BUNDLE_IDENTIFIER = com.Personal.James.ComicTracker;
				PRODUCT_NAME = "$(TARGET_NAME)";
				PROVISIONING_PROFILE_SPECIFIER = "";
				SUPPORTED_PLATFORMS = "iphoneos iphonesimulator";
				SUPPORTS_MACCATALYST = NO;
				SUPPORTS_XR_DESIGNED_FOR_IPHONE_IPAD = NO;
				SWIFT_EMIT_LOC_STRINGS = YES;
				SWIFT_VERSION = 5.0;
				TARGETED_DEVICE_FAMILY = "1,2";
			};
			name = Release;
		};
		214992D22C55EC1B004CAD3B /* Debug */ = {
			isa = XCBuildConfiguration;
			buildSettings = {
				ALWAYS_EMBED_SWIFT_STANDARD_LIBRARIES = YES;
				BUNDLE_LOADER = "$(TEST_HOST)";
				CODE_SIGN_STYLE = Automatic;
				CURRENT_PROJECT_VERSION = 1;
				DEVELOPMENT_TEAM = 8WZVS92DKJ;
				GENERATE_INFOPLIST_FILE = YES;
				IPHONEOS_DEPLOYMENT_TARGET = 17.5;
				MARKETING_VERSION = 1.0;
				PRODUCT_BUNDLE_IDENTIFIER = "James.Comic-TrackerTests";
				PRODUCT_NAME = "$(TARGET_NAME)";
				SWIFT_EMIT_LOC_STRINGS = NO;
				SWIFT_VERSION = 5.0;
				TARGETED_DEVICE_FAMILY = "1,2";
				TEST_HOST = "$(BUILT_PRODUCTS_DIR)/Comic Tracker.app/$(BUNDLE_EXECUTABLE_FOLDER_PATH)/Comic Tracker";
			};
			name = Debug;
		};
		214992D32C55EC1B004CAD3B /* Release */ = {
			isa = XCBuildConfiguration;
			buildSettings = {
				ALWAYS_EMBED_SWIFT_STANDARD_LIBRARIES = YES;
				BUNDLE_LOADER = "$(TEST_HOST)";
				CODE_SIGN_STYLE = Automatic;
				CURRENT_PROJECT_VERSION = 1;
				DEVELOPMENT_TEAM = 8WZVS92DKJ;
				GENERATE_INFOPLIST_FILE = YES;
				IPHONEOS_DEPLOYMENT_TARGET = 17.5;
				MARKETING_VERSION = 1.0;
				PRODUCT_BUNDLE_IDENTIFIER = "James.Comic-TrackerTests";
				PRODUCT_NAME = "$(TARGET_NAME)";
				SWIFT_EMIT_LOC_STRINGS = NO;
				SWIFT_VERSION = 5.0;
				TARGETED_DEVICE_FAMILY = "1,2";
				TEST_HOST = "$(BUILT_PRODUCTS_DIR)/Comic Tracker.app/$(BUNDLE_EXECUTABLE_FOLDER_PATH)/Comic Tracker";
			};
			name = Release;
		};
		214992D52C55EC1B004CAD3B /* Debug */ = {
			isa = XCBuildConfiguration;
			buildSettings = {
				ALWAYS_EMBED_SWIFT_STANDARD_LIBRARIES = YES;
				CODE_SIGN_STYLE = Automatic;
				CURRENT_PROJECT_VERSION = 1;
				DEVELOPMENT_TEAM = 8WZVS92DKJ;
				GENERATE_INFOPLIST_FILE = YES;
				MARKETING_VERSION = 1.0;
				PRODUCT_BUNDLE_IDENTIFIER = "James.Comic-TrackerUITests";
				PRODUCT_NAME = "$(TARGET_NAME)";
				SWIFT_EMIT_LOC_STRINGS = NO;
				SWIFT_VERSION = 5.0;
				TARGETED_DEVICE_FAMILY = "1,2";
				TEST_TARGET_NAME = "Comic Tracker";
			};
			name = Debug;
		};
		214992D62C55EC1B004CAD3B /* Release */ = {
			isa = XCBuildConfiguration;
			buildSettings = {
				ALWAYS_EMBED_SWIFT_STANDARD_LIBRARIES = YES;
				CODE_SIGN_STYLE = Automatic;
				CURRENT_PROJECT_VERSION = 1;
				DEVELOPMENT_TEAM = 8WZVS92DKJ;
				GENERATE_INFOPLIST_FILE = YES;
				MARKETING_VERSION = 1.0;
				PRODUCT_BUNDLE_IDENTIFIER = "James.Comic-TrackerUITests";
				PRODUCT_NAME = "$(TARGET_NAME)";
				SWIFT_EMIT_LOC_STRINGS = NO;
				SWIFT_VERSION = 5.0;
				TARGETED_DEVICE_FAMILY = "1,2";
				TEST_TARGET_NAME = "Comic Tracker";
			};
			name = Release;
		};
/* End XCBuildConfiguration section */

/* Begin XCConfigurationList section */
		214992A32C55EC19004CAD3B /* Build configuration list for PBXProject "Comic Tracker" */ = {
			isa = XCConfigurationList;
			buildConfigurations = (
				214992CC2C55EC1B004CAD3B /* Debug */,
				214992CD2C55EC1B004CAD3B /* Release */,
			);
			defaultConfigurationIsVisible = 0;
			defaultConfigurationName = Release;
		};
		214992CE2C55EC1B004CAD3B /* Build configuration list for PBXNativeTarget "Comic Tracker" */ = {
			isa = XCConfigurationList;
			buildConfigurations = (
				214992CF2C55EC1B004CAD3B /* Debug */,
				214992D02C55EC1B004CAD3B /* Release */,
			);
			defaultConfigurationIsVisible = 0;
			defaultConfigurationName = Release;
		};
		214992D12C55EC1B004CAD3B /* Build configuration list for PBXNativeTarget "Comic TrackerTests" */ = {
			isa = XCConfigurationList;
			buildConfigurations = (
				214992D22C55EC1B004CAD3B /* Debug */,
				214992D32C55EC1B004CAD3B /* Release */,
			);
			defaultConfigurationIsVisible = 0;
			defaultConfigurationName = Release;
		};
		214992D42C55EC1B004CAD3B /* Build configuration list for PBXNativeTarget "Comic TrackerUITests" */ = {
			isa = XCConfigurationList;
			buildConfigurations = (
				214992D52C55EC1B004CAD3B /* Debug */,
				214992D62C55EC1B004CAD3B /* Release */,
			);
			defaultConfigurationIsVisible = 0;
			defaultConfigurationName = Release;
		};
/* End XCConfigurationList section */
	};
	rootObject = 214992A02C55EC19004CAD3B /* Project object */;
}
